{
    "name": "yoix",
    "version": "0.1.5-dev",
    "lockfileVersion": 3,
    "requires": true,
    "packages": {
        "": {
            "name": "yoix",
            "version": "0.1.5-dev",
            "license": "MIT",
            "workspaces": [
                "example"
            ],
            "bin": {
                "yoix": "libs/index.js"
            },
            "devDependencies": {
                "@types/node": "^22.10.2",
                "typescript": "^5.7.2"
            },
            "engines": {
                "node": ">=22"
            }
        },
        "example": {
            "dependencies": {
                "yoix": "latest"
            }
        },
        "example/node_modules/yoix": {
            "resolved": "libs/index.js",
            "link": true
        },
        "libs/index.js": {},
        "node_modules/@types/node": {
            "version": "22.10.2",
            "resolved": "https://registry.npmjs.org/@types/node/-/node-22.10.2.tgz",
            "integrity": "sha512-Xxr6BBRCAOQixvonOye19wnzyDiUtTeqldOOmj3CkeblonbccA12PFwlufvRdrpjXxqnmUaeiU5EOA+7s5diUQ==",
            "dev": true,
            "license": "MIT",
            "dependencies": {
                "undici-types": "~6.20.0"
            }
        },
        "node_modules/example": {
            "resolved": "example",
            "link": true
        },
        "node_modules/typescript": {
            "version": "5.7.2",
            "resolved": "https://registry.npmjs.org/typescript/-/typescript-5.7.2.tgz",
            "integrity": "sha512-i5t66RHxDvVN40HfDd1PsEThGNnlMCMT3jMUuoh9/0TaqWevNontacunWyN02LA9/fIbEWlcHZcgTKb9QoaLfg==",
            "dev": true,
            "license": "Apache-2.0",
            "bin": {
                "tsc": "bin/tsc",
                "tsserver": "bin/tsserver"
            },
            "engines": {
                "node": ">=14.17"
            }
        },
        "node_modules/undici-types": {
            "version": "6.20.0",
            "resolved": "https://registry.npmjs.org/undici-types/-/undici-types-6.20.0.tgz",
            "integrity": "sha512-Ny6QZ2Nju20vw1SRHe3d9jVu6gJ+4e3+MMpqu7pqE5HT6WsTSlce++GQmK5UXS8mzV8DSYHrQH+Xrf2jVcuKNg==",
            "dev": true,
            "license": "MIT"
        },
        "node_modules/yoix": {
            "version": "0.1.5-dev",
            "resolved": "https://registry.npmjs.org/yoix/-/yoix-0.1.5-dev.tgz",
            "integrity": "sha512-Wp9viu0/XkIlIwpx74HQ/HAviWoIuWv0f+A4UZ9+j/GNg58nvwnLmN6x4iF0cQKl6DlBoii+8ItyBIjRq+BF2w==",
            "extraneous": true,
            "license": "MIT",
            "workspaces": [
                "example"
            ],
            "bin": {
                "yoix": "libs/index.js"
            },
            "engines": {
                "node": ">=22"
            }
        }
    }
}
